
Microsoft Visual Studio Solution File, Format Version 12.00
# Visual Studio Version 16
VisualStudioVersion = 16.0.30804.86
MinimumVisualStudioVersion = 10.0.40219.1
Project("{9092AA53-FB77-4645-B42D-1CCCA6BD08BD}") = "twinlkier-api-client", "twinlkier-api-client.njsproj", "{AB7BA443-3387-4DBB-BBD6-98BBECD05538}"
EndProject
Global
	GlobalSection(SolutionConfigurationPlatforms) = preSolution
		Debug|Any CPU = Debug|Any CPU
		Release|Any CPU = Release|Any CPU
	EndGlobalSection
	GlobalSection(ProjectConfigurationPlatforms) = postSolution
		{AB7BA443-3387-4DBB-BBD6-98BBECD05538}.Debug|Any CPU.ActiveCfg = Debug|Any CPU
		{AB7BA443-3387-4DBB-BBD6-98BBECD05538}.Debug|Any CPU.Build.0 = Debug|Any CPU
		{AB7BA443-3387-4DBB-BBD6-98BBECD05538}.Release|Any CPU.ActiveCfg = Release|Any CPU
		{AB7BA443-3387-4DBB-BBD6-98BBECD05538}.Release|Any CPU.Build.0 = Release|Any CPU
	EndGlobalSection
	GlobalSection(SolutionProperties) = preSolution
		HideSolutionNode = FALSE
	EndGlobalSection
	GlobalSection(ExtensibilityGlobals) = postSolution
		SolutionGuid = {CAED4917-BE81-49B0-8CC7-38AEA08D9B60}
	EndGlobalSection
EndGlobal
